
Microsoft Visual Studio Solution File, Format Version 12.00
# Visual Studio Version 16
VisualStudioVersion = 16.0.29911.84
MinimumVisualStudioVersion = 10.0.40219.1
Project("{FAE04EC0-301F-11D3-BF4B-00C04F79EFBC}") = "TicTacToe.UWP", "TicTacToe.UWP\TicTacToe.UWP.csproj", "{7BADD18B-CD65-46AE-9321-198A98754747}"
EndProject
Project("{FAE04EC0-301F-11D3-BF4B-00C04F79EFBC}") = "TicTacToe.Android", "TicTacToe.Android\TicTacToe.Android.csproj", "{3E4FC03F-DC1C-4D75-9788-F35C05130406}"
EndProject
Project("{FAE04EC0-301F-11D3-BF4B-00C04F79EFBC}") = "TicTacToe.iOS", "TicTacToe.iOS\TicTacToe.iOS.csproj", "{DBDFBCFA-D36D-45AD-B67E-2C46B473DF41}"
EndProject
Project("{FAE04EC0-301F-11D3-BF4B-00C04F79EFBC}") = "TicTacToe", "TicTacToe\TicTacToe.csproj", "{38D7B640-BA27-4E0D-9E65-21F74EA7F853}"
EndProject
Global
	GlobalSection(SolutionConfigurationPlatforms) = preSolution
		Debug|Any CPU = Debug|Any CPU
		Debug|ARM = Debug|ARM
		Debug|iPhone = Debug|iPhone
		Debug|iPhoneSimulator = Debug|iPhoneSimulator
		Debug|x64 = Debug|x64
		Debug|x86 = Debug|x86
		Release|Any CPU = Release|Any CPU
		Release|ARM = Release|ARM
		Release|iPhone = Release|iPhone
		Release|iPhoneSimulator = Release|iPhoneSimulator
		Release|x64 = Release|x64
		Release|x86 = Release|x86
	EndGlobalSection
	GlobalSection(ProjectConfigurationPlatforms) = postSolution
		{7BADD18B-CD65-46AE-9321-198A98754747}.Debug|Any CPU.ActiveCfg = Debug|x86
		{7BADD18B-CD65-46AE-9321-198A98754747}.Debug|Any CPU.Build.0 = Debug|x86
		{7BADD18B-CD65-46AE-9321-198A98754747}.Debug|Any CPU.Deploy.0 = Debug|x86
		{7BADD18B-CD65-46AE-9321-198A98754747}.Debug|ARM.ActiveCfg = Debug|ARM
		{7BADD18B-CD65-46AE-9321-198A98754747}.Debug|ARM.Build.0 = Debug|ARM
		{7BADD18B-CD65-46AE-9321-198A98754747}.Debug|ARM.Deploy.0 = Debug|ARM
		{7BADD18B-CD65-46AE-9321-198A98754747}.Debug|iPhone.ActiveCfg = Debug|x86
		{7BADD18B-CD65-46AE-9321-198A98754747}.Debug|iPhone.Build.0 = Debug|x86
		{7BADD18B-CD65-46AE-9321-198A98754747}.Debug|iPhone.Deploy.0 = Debug|x86
		{7BADD18B-CD65-46AE-9321-198A98754747}.Debug|iPhoneSimulator.ActiveCfg = Debug|x86
		{7BADD18B-CD65-46AE-9321-198A98754747}.Debug|iPhoneSimulator.Build.0 = Debug|x86
		{7BADD18B-CD65-46AE-9321-198A98754747}.Debug|iPhoneSimulator.Deploy.0 = Debug|x86
		{7BADD18B-CD65-46AE-9321-198A98754747}.Debug|x64.ActiveCfg = Debug|x64
		{7BADD18B-CD65-46AE-9321-198A98754747}.Debug|x64.Build.0 = Debug|x64
		{7BADD18B-CD65-46AE-9321-198A98754747}.Debug|x64.Deploy.0 = Debug|x64
		{7BADD18B-CD65-46AE-9321-198A98754747}.Debug|x86.ActiveCfg = Debug|x86
		{7BADD18B-CD65-46AE-9321-198A98754747}.Debug|x86.Build.0 = Debug|x86
		{7BADD18B-CD65-46AE-9321-198A98754747}.Debug|x86.Deploy.0 = Debug|x86
		{7BADD18B-CD65-46AE-9321-198A98754747}.Release|Any CPU.ActiveCfg = Release|x86
		{7BADD18B-CD65-46AE-9321-198A98754747}.Release|Any CPU.Build.0 = Release|x86
		{7BADD18B-CD65-46AE-9321-198A98754747}.Release|Any CPU.Deploy.0 = Release|x86
		{7BADD18B-CD65-46AE-9321-198A98754747}.Release|ARM.ActiveCfg = Release|ARM
		{7BADD18B-CD65-46AE-9321-198A98754747}.Release|ARM.Build.0 = Release|ARM
		{7BADD18B-CD65-46AE-9321-198A98754747}.Release|ARM.Deploy.0 = Release|ARM
		{7BADD18B-CD65-46AE-9321-198A98754747}.Release|iPhone.ActiveCfg = Release|x86
		{7BADD18B-CD65-46AE-9321-198A98754747}.Release|iPhone.Build.0 = Release|x86
		{7BADD18B-CD65-46AE-9321-198A98754747}.Release|iPhone.Deploy.0 = Release|x86
		{7BADD18B-CD65-46AE-9321-198A98754747}.Release|iPhoneSimulator.ActiveCfg = Release|x86
		{7BADD18B-CD65-46AE-9321-198A98754747}.Release|iPhoneSimulator.Build.0 = Release|x86
		{7BADD18B-CD65-46AE-9321-198A98754747}.Release|iPhoneSimulator.Deploy.0 = Release|x86
		{7BADD18B-CD65-46AE-9321-198A98754747}.Release|x64.ActiveCfg = Release|x64
		{7BADD18B-CD65-46AE-9321-198A98754747}.Release|x64.Build.0 = Release|x64
		{7BADD18B-CD65-46AE-9321-198A98754747}.Release|x64.Deploy.0 = Release|x64
		{7BADD18B-CD65-46AE-9321-198A98754747}.Release|x86.ActiveCfg = Release|x86
		{7BADD18B-CD65-46AE-9321-198A98754747}.Release|x86.Build.0 = Release|x86
		{7BADD18B-CD65-46AE-9321-198A98754747}.Release|x86.Deploy.0 = Release|x86
		{3E4FC03F-DC1C-4D75-9788-F35C05130406}.Debug|Any CPU.ActiveCfg = Debug|Any CPU
		{3E4FC03F-DC1C-4D75-9788-F35C05130406}.Debug|Any CPU.Build.0 = Debug|Any CPU
		{3E4FC03F-DC1C-4D75-9788-F35C05130406}.Debug|Any CPU.Deploy.0 = Debug|Any CPU
		{3E4FC03F-DC1C-4D75-9788-F35C05130406}.Debug|ARM.ActiveCfg = Debug|Any CPU
		{3E4FC03F-DC1C-4D75-9788-F35C05130406}.Debug|ARM.Build.0 = Debug|Any CPU
		{3E4FC03F-DC1C-4D75-9788-F35C05130406}.Debug|ARM.Deploy.0 = Debug|Any CPU
		{3E4FC03F-DC1C-4D75-9788-F35C05130406}.Debug|iPhone.ActiveCfg = Debug|Any CPU
		{3E4FC03F-DC1C-4D75-9788-F35C05130406}.Debug|iPhone.Build.0 = Debug|Any CPU
		{3E4FC03F-DC1C-4D75-9788-F35C05130406}.Debug|iPhone.Deploy.0 = Debug|Any CPU
		{3E4FC03F-DC1C-4D75-9788-F35C05130406}.Debug|iPhoneSimulator.ActiveCfg = Debug|Any CPU
		{3E4FC03F-DC1C-4D75-9788-F35C05130406}.Debug|iPhoneSimulator.Build.0 = Debug|Any CPU
		{3E4FC03F-DC1C-4D75-9788-F35C05130406}.Debug|iPhoneSimulator.Deploy.0 = Debug|Any CPU
		{3E4FC03F-DC1C-4D75-9788-F35C05130406}.Debug|x64.ActiveCfg = Debug|Any CPU
		{3E4FC03F-DC1C-4D75-9788-F35C05130406}.Debug|x64.Build.0 = Debug|Any CPU
		{3E4FC03F-DC1C-4D75-9788-F35C05130406}.Debug|x64.Deploy.0 = Debug|Any CPU
		{3E4FC03F-DC1C-4D75-9788-F35C05130406}.Debug|x86.ActiveCfg = Debug|Any CPU
		{3E4FC03F-DC1C-4D75-9788-F35C05130406}.Debug|x86.Build.0 = Debug|Any CPU
		{3E4FC03F-DC1C-4D75-9788-F35C05130406}.Debug|x86.Deploy.0 = Debug|Any CPU
		{3E4FC03F-DC1C-4D75-9788-F35C05130406}.Release|Any CPU.ActiveCfg = Release|Any CPU
		{3E4FC03F-DC1C-4D75-9788-F35C05130406}.Release|Any CPU.Build.0 = Release|Any CPU
		{3E4FC03F-DC1C-4D75-9788-F35C05130406}.Release|Any CPU.Deploy.0 = Release|Any CPU
		{3E4FC03F-DC1C-4D75-9788-F35C05130406}.Release|ARM.ActiveCfg = Release|Any CPU
		{3E4FC03F-DC1C-4D75-9788-F35C05130406}.Release|ARM.Build.0 = Release|Any CPU
		{3E4FC03F-DC1C-4D75-9788-F35C05130406}.Release|ARM.Deploy.0 = Release|Any CPU
		{3E4FC03F-DC1C-4D75-9788-F35C05130406}.Release|iPhone.ActiveCfg = Release|Any CPU
		{3E4FC03F-DC1C-4D75-9788-F35C05130406}.Release|iPhone.Build.0 = Release|Any CPU
		{3E4FC03F-DC1C-4D75-9788-F35C05130406}.Release|iPhone.Deploy.0 = Release|Any CPU
		{3E4FC03F-DC1C-4D75-9788-F35C05130406}.Release|iPhoneSimulator.ActiveCfg = Release|Any CPU
		{3E4FC03F-DC1C-4D75-9788-F35C05130406}.Release|iPhoneSimulator.Build.0 = Release|Any CPU
		{3E4FC03F-DC1C-4D75-9788-F35C05130406}.Release|iPhoneSimulator.Deploy.0 = Release|Any CPU
		{3E4FC03F-DC1C-4D75-9788-F35C05130406}.Release|x64.ActiveCfg = Release|Any CPU
		{3E4FC03F-DC1C-4D75-9788-F35C05130406}.Release|x64.Build.0 = Release|Any CPU
		{3E4FC03F-DC1C-4D75-9788-F35C05130406}.Release|x64.Deploy.0 = Release|Any CPU
		{3E4FC03F-DC1C-4D75-9788-F35C05130406}.Release|x86.ActiveCfg = Release|Any CPU
		{3E4FC03F-DC1C-4D75-9788-F35C05130406}.Release|x86.Build.0 = Release|Any CPU
		{3E4FC03F-DC1C-4D75-9788-F35C05130406}.Release|x86.Deploy.0 = Release|Any CPU
		{DBDFBCFA-D36D-45AD-B67E-2C46B473DF41}.Debug|Any CPU.ActiveCfg = Debug|iPhone
		{DBDFBCFA-D36D-45AD-B67E-2C46B473DF41}.Debug|Any CPU.Build.0 = Debug|iPhone
		{DBDFBCFA-D36D-45AD-B67E-2C46B473DF41}.Debug|Any CPU.Deploy.0 = Debug|iPhone
		{DBDFBCFA-D36D-45AD-B67E-2C46B473DF41}.Debug|ARM.ActiveCfg = Debug|iPhone
		{DBDFBCFA-D36D-45AD-B67E-2C46B473DF41}.Debug|ARM.Build.0 = Debug|iPhone
		{DBDFBCFA-D36D-45AD-B67E-2C46B473DF41}.Debug|ARM.Deploy.0 = Debug|iPhone
		{DBDFBCFA-D36D-45AD-B67E-2C46B473DF41}.Debug|iPhone.ActiveCfg = Debug|iPhone
		{DBDFBCFA-D36D-45AD-B67E-2C46B473DF41}.Debug|iPhone.Build.0 = Debug|iPhone
		{DBDFBCFA-D36D-45AD-B67E-2C46B473DF41}.Debug|iPhone.Deploy.0 = Debug|iPhone
		{DBDFBCFA-D36D-45AD-B67E-2C46B473DF41}.Debug|iPhoneSimulator.ActiveCfg = Debug|iPhoneSimulator
		{DBDFBCFA-D36D-45AD-B67E-2C46B473DF41}.Debug|iPhoneSimulator.Build.0 = Debug|iPhoneSimulator
		{DBDFBCFA-D36D-45AD-B67E-2C46B473DF41}.Debug|iPhoneSimulator.Deploy.0 = Debug|iPhoneSimulator
		{DBDFBCFA-D36D-45AD-B67E-2C46B473DF41}.Debug|x64.ActiveCfg = Debug|iPhone
		{DBDFBCFA-D36D-45AD-B67E-2C46B473DF41}.Debug|x64.Build.0 = Debug|iPhone
		{DBDFBCFA-D36D-45AD-B67E-2C46B473DF41}.Debug|x64.Deploy.0 = Debug|iPhone
		{DBDFBCFA-D36D-45AD-B67E-2C46B473DF41}.Debug|x86.ActiveCfg = Debug|iPhone
		{DBDFBCFA-D36D-45AD-B67E-2C46B473DF41}.Debug|x86.Build.0 = Debug|iPhone
		{DBDFBCFA-D36D-45AD-B67E-2C46B473DF41}.Debug|x86.Deploy.0 = Debug|iPhone
		{DBDFBCFA-D36D-45AD-B67E-2C46B473DF41}.Release|Any CPU.ActiveCfg = Release|iPhone
		{DBDFBCFA-D36D-45AD-B67E-2C46B473DF41}.Release|Any CPU.Build.0 = Release|iPhone
		{DBDFBCFA-D36D-45AD-B67E-2C46B473DF41}.Release|Any CPU.Deploy.0 = Release|iPhone
		{DBDFBCFA-D36D-45AD-B67E-2C46B473DF41}.Release|ARM.ActiveCfg = Release|iPhone
		{DBDFBCFA-D36D-45AD-B67E-2C46B473DF41}.Release|ARM.Build.0 = Release|iPhone
		{DBDFBCFA-D36D-45AD-B67E-2C46B473DF41}.Release|ARM.Deploy.0 = Release|iPhone
		{DBDFBCFA-D36D-45AD-B67E-2C46B473DF41}.Release|iPhone.ActiveCfg = Release|iPhone
		{DBDFBCFA-D36D-45AD-B67E-2C46B473DF41}.Release|iPhone.Build.0 = Release|iPhone
		{DBDFBCFA-D36D-45AD-B67E-2C46B473DF41}.Release|iPhone.Deploy.0 = Release|iPhone
		{DBDFBCFA-D36D-45AD-B67E-2C46B473DF41}.Release|iPhoneSimulator.ActiveCfg = Release|iPhoneSimulator
		{DBDFBCFA-D36D-45AD-B67E-2C46B473DF41}.Release|iPhoneSimulator.Build.0 = Release|iPhoneSimulator
		{DBDFBCFA-D36D-45AD-B67E-2C46B473DF41}.Release|iPhoneSimulator.Deploy.0 = Release|iPhoneSimulator
		{DBDFBCFA-D36D-45AD-B67E-2C46B473DF41}.Release|x64.ActiveCfg = Release|iPhone
		{DBDFBCFA-D36D-45AD-B67E-2C46B473DF41}.Release|x64.Build.0 = Release|iPhone
		{DBDFBCFA-D36D-45AD-B67E-2C46B473DF41}.Release|x64.Deploy.0 = Release|iPhone
		{DBDFBCFA-D36D-45AD-B67E-2C46B473DF41}.Release|x86.ActiveCfg = Release|iPhone
		{DBDFBCFA-D36D-45AD-B67E-2C46B473DF41}.Release|x86.Build.0 = Release|iPhone
		{DBDFBCFA-D36D-45AD-B67E-2C46B473DF41}.Release|x86.Deploy.0 = Release|iPhone
		{38D7B640-BA27-4E0D-9E65-21F74EA7F853}.Debug|Any CPU.ActiveCfg = Debug|Any CPU
		{38D7B640-BA27-4E0D-9E65-21F74EA7F853}.Debug|Any CPU.Build.0 = Debug|Any CPU
		{38D7B640-BA27-4E0D-9E65-21F74EA7F853}.Debug|Any CPU.Deploy.0 = Debug|Any CPU
		{38D7B640-BA27-4E0D-9E65-21F74EA7F853}.Debug|ARM.ActiveCfg = Debug|Any CPU
		{38D7B640-BA27-4E0D-9E65-21F74EA7F853}.Debug|ARM.Build.0 = Debug|Any CPU
		{38D7B640-BA27-4E0D-9E65-21F74EA7F853}.Debug|ARM.Deploy.0 = Debug|Any CPU
		{38D7B640-BA27-4E0D-9E65-21F74EA7F853}.Debug|iPhone.ActiveCfg = Debug|Any CPU
		{38D7B640-BA27-4E0D-9E65-21F74EA7F853}.Debug|iPhone.Build.0 = Debug|Any CPU
		{38D7B640-BA27-4E0D-9E65-21F74EA7F853}.Debug|iPhone.Deploy.0 = Debug|Any CPU
		{38D7B640-BA27-4E0D-9E65-21F74EA7F853}.Debug|iPhoneSimulator.ActiveCfg = Debug|Any CPU
		{38D7B640-BA27-4E0D-9E65-21F74EA7F853}.Debug|iPhoneSimulator.Build.0 = Debug|Any CPU
		{38D7B640-BA27-4E0D-9E65-21F74EA7F853}.Debug|iPhoneSimulator.Deploy.0 = Debug|Any CPU
		{38D7B640-BA27-4E0D-9E65-21F74EA7F853}.Debug|x64.ActiveCfg = Debug|Any CPU
		{38D7B640-BA27-4E0D-9E65-21F74EA7F853}.Debug|x64.Build.0 = Debug|Any CPU
		{38D7B640-BA27-4E0D-9E65-21F74EA7F853}.Debug|x64.Deploy.0 = Debug|Any CPU
		{38D7B640-BA27-4E0D-9E65-21F74EA7F853}.Debug|x86.ActiveCfg = Debug|Any CPU
		{38D7B640-BA27-4E0D-9E65-21F74EA7F853}.Debug|x86.Build.0 = Debug|Any CPU
		{38D7B640-BA27-4E0D-9E65-21F74EA7F853}.Debug|x86.Deploy.0 = Debug|Any CPU
		{38D7B640-BA27-4E0D-9E65-21F74EA7F853}.Release|Any CPU.ActiveCfg = Release|Any CPU
		{38D7B640-BA27-4E0D-9E65-21F74EA7F853}.Release|Any CPU.Build.0 = Release|Any CPU
		{38D7B640-BA27-4E0D-9E65-21F74EA7F853}.Release|Any CPU.Deploy.0 = Release|Any CPU
		{38D7B640-BA27-4E0D-9E65-21F74EA7F853}.Release|ARM.ActiveCfg = Release|Any CPU
		{38D7B640-BA27-4E0D-9E65-21F74EA7F853}.Release|ARM.Build.0 = Release|Any CPU
		{38D7B640-BA27-4E0D-9E65-21F74EA7F853}.Release|ARM.Deploy.0 = Release|Any CPU
		{38D7B640-BA27-4E0D-9E65-21F74EA7F853}.Release|iPhone.ActiveCfg = Release|Any CPU
		{38D7B640-BA27-4E0D-9E65-21F74EA7F853}.Release|iPhone.Build.0 = Release|Any CPU
		{38D7B640-BA27-4E0D-9E65-21F74EA7F853}.Release|iPhone.Deploy.0 = Release|Any CPU
		{38D7B640-BA27-4E0D-9E65-21F74EA7F853}.Release|iPhoneSimulator.ActiveCfg = Release|Any CPU
		{38D7B640-BA27-4E0D-9E65-21F74EA7F853}.Release|iPhoneSimulator.Build.0 = Release|Any CPU
		{38D7B640-BA27-4E0D-9E65-21F74EA7F853}.Release|iPhoneSimulator.Deploy.0 = Release|Any CPU
		{38D7B640-BA27-4E0D-9E65-21F74EA7F853}.Release|x64.ActiveCfg = Release|Any CPU
		{38D7B640-BA27-4E0D-9E65-21F74EA7F853}.Release|x64.Build.0 = Release|Any CPU
		{38D7B640-BA27-4E0D-9E65-21F74EA7F853}.Release|x64.Deploy.0 = Release|Any CPU
		{38D7B640-BA27-4E0D-9E65-21F74EA7F853}.Release|x86.ActiveCfg = Release|Any CPU
		{38D7B640-BA27-4E0D-9E65-21F74EA7F853}.Release|x86.Build.0 = Release|Any CPU
		{38D7B640-BA27-4E0D-9E65-21F74EA7F853}.Release|x86.Deploy.0 = Release|Any CPU
	EndGlobalSection
	GlobalSection(SolutionProperties) = preSolution
		HideSolutionNode = FALSE
	EndGlobalSection
	GlobalSection(ExtensibilityGlobals) = postSolution
		SolutionGuid = {E77F66F3-143F-4AE2-B949-6E3EACA124D3}
	EndGlobalSection
EndGlobal
